<?xml version="1.0" encoding="UTF-8"?>
<CONFIG>
  <ProjectOptions>
    <Version Value="9"/>
    <PathDelim Value="\"/>
    <General>
      <SessionStorage Value="InProjectDir"/>
      <MainUnit Value="0"/>
      <ResourceType Value="res"/>
      <UseXPManifest Value="True"/>
      <XPManifest>
        <DpiAware Value="True"/>
      </XPManifest>
    </General>
    <VersionInfo>
      <UseVersionInfo Value="True"/>
      <AutoIncrementBuild Value="True"/>
      <MajorVersionNr Value="1"/>
      <MinorVersionNr Value="4"/>
      <RevisionNr Value="1"/>
      <BuildNr Value="106"/>
      <Language Value=""/>
      <CharSet Value=""/>
      <Attributes pvaPreRelease="True"/>
      <StringTable ProductVersion=""/>
    </VersionInfo>
    <BuildModes Count="3">
      <Item1 Name="windows" Default="True"/>
      <Item2 Name="linux">
        <CompilerOptions>
          <Version Value="11"/>
          <PathDelim Value="\"/>
          <Target>
            <Filename Value="..\..\bin\mne_linux"/>
          </Target>
          <SearchPaths>
            <IncludeFiles Value="$(ProjOutDir)"/>
            <OtherUnitFiles Value="..\editor;..\lib;..\addons;..\..\..\..\lib;..\extends;..\extends\php;..\extends\pascal;..\extends\d;..\extends\csv;..\..\..\..\lib\minilib\connection\source\ui;..\extends\custom;..\extends\python;..\extends\verilog;..\..\..\..\lib\minilib\lazarus\lib;..\extends\cpp;..\..\..\..\lib\minilib\lazarus\components\native"/>
            <UnitOutputDirectory Value="..\..\units"/>
          </SearchPaths>
          <Linking>
            <Debugging>
              <DebugInfoType Value="dsStabs"/>
              <UseExternalDbgSyms Value="True"/>
            </Debugging>
            <Options>
              <Win32>
                <GraphicApplication Value="True"/>
              </Win32>
            </Options>
          </Linking>
          <Other>
            <Verbosity>
              <ShowNotes Value="False"/>
              <ShowHints Value="False"/>
            </Verbosity>
          </Other>
        </CompilerOptions>
      </Item2>
      <Item3 Name="release_win32">
        <CompilerOptions>
          <Version Value="11"/>
          <PathDelim Value="\"/>
          <Target>
            <Filename Value="..\..\bin\mne"/>
          </Target>
          <SearchPaths>
            <IncludeFiles Value="$(ProjOutDir)"/>
            <OtherUnitFiles Value="..\editor;..\lib;..\addons;..\..\..\..\lib;..\extends;..\extends\php;..\extends\pascal;..\extends\d;..\extends\csv;..\..\..\..\lib\minilib\connection\source\ui;..\extends\custom;..\extends\python;..\extends\verilog;..\..\..\..\lib\minilib\lazarus\lib;..\extends\cpp;..\..\..\..\lib\minilib\lazarus\components\native"/>
            <UnitOutputDirectory Value="..\..\units"/>
          </SearchPaths>
          <Parsing>
            <SyntaxOptions>
              <CStyleMacros Value="True"/>
            </SyntaxOptions>
          </Parsing>
          <CodeGeneration>
            <Optimizations>
              <OptimizationLevel Value="3"/>
            </Optimizations>
          </CodeGeneration>
          <Linking>
            <Debugging>
              <GenerateDebugInfo Value="False"/>
              <StripSymbols Value="True"/>
            </Debugging>
            <Options>
              <Win32>
                <GraphicApplication Value="True"/>
              </Win32>
            </Options>
          </Linking>
          <Other>
            <Verbosity>
              <ShowNotes Value="False"/>
              <ShowHints Value="False"/>
            </Verbosity>
            <CompilerMessages>
              <IgnoredMessages idx5024="True"/>
            </CompilerMessages>
          </Other>
        </CompilerOptions>
      </Item3>
      <SharedMatrixOptions Count="1">
        <Item1 ID="404340325604" Type="IDEMacro" MacroName="LCLWidgetType" Value="gtk2"/>
      </SharedMatrixOptions>
    </BuildModes>
    <PublishOptions>
      <Version Value="2"/>
      <IgnoreBinaries Value="False"/>
      <IncludeFileFilter Value="*.(pas|pp|inc|lfm|lpr|lrs|lpi|lpk|sh|xml)"/>
      <ExcludeFileFilter Value="*.(bak|ppu|ppw|o|so);*~;backup"/>
    </PublishOptions>
    <RunParams>
      <local>
        <FormatVersion Value="1"/>
        <LaunchingApplication PathPlusParams="\usr\X11R6\bin\xterm -T 'Lazarus Run Output' -e $(LazarusDir)\tools\runwait.sh $(TargetCmdLine)"/>
        <WorkingDirectory Value="C:\temp\python\"/>
        <Display Value=":1"/>
      </local>
    </RunParams>
    <RequiredPackages Count="11">
      <Item1>
        <PackageName Value="cmdbox"/>
      </Item1>
      <Item2>
        <PackageName Value="MiniConnections"/>
      </Item2>
      <Item3>
        <PackageName Value="MiniCommons"/>
      </Item3>
      <Item4>
        <PackageName Value="MiniLib"/>
      </Item4>
      <Item5>
        <PackageName Value="MiniSockets"/>
      </Item5>
      <Item6>
        <PackageName Value="MiniXML"/>
        <MinVersion Valid="True"/>
      </Item6>
      <Item7>
        <PackageName Value="NativeLib"/>
        <MinVersion Valid="True"/>
      </Item7>
      <Item8>
        <PackageName Value="SynEdit"/>
        <MinVersion Major="1" Valid="True"/>
      </Item8>
      <Item9>
        <PackageName Value="LCL"/>
      </Item9>
      <Item10>
        <PackageName Value="LCLBase"/>
        <MinVersion Major="1" Release="1" Valid="True"/>
      </Item10>
      <Item11>
        <PackageName Value="FCL"/>
        <MinVersion Major="1" Release="1" Valid="True"/>
      </Item11>
    </RequiredPackages>
    <Units Count="49">
      <Unit0>
        <Filename Value="mne.lpr"/>
        <IsPartOfProject Value="True"/>
      </Unit0>
      <Unit1>
        <Filename Value="..\editor\SearchForms.pas"/>
        <IsPartOfProject Value="True"/>
        <ComponentName Value="SearchForm"/>
        <HasResources Value="True"/>
        <ResourceBaseClass Value="Form"/>
      </Unit1>
      <Unit2>
        <Filename Value="..\editor\EditorProfiles.pas"/>
        <IsPartOfProject Value="True"/>
      </Unit2>
      <Unit3>
        <Filename Value="..\editor\SelectFiles.pas"/>
        <IsPartOfProject Value="True"/>
        <ComponentName Value="SelectFileForm"/>
        <HasResources Value="True"/>
        <ResourceBaseClass Value="Form"/>
      </Unit3>
      <Unit4>
        <Filename Value="AboutForms.pas"/>
        <IsPartOfProject Value="True"/>
        <ComponentName Value="AboutForm"/>
        <HasResources Value="True"/>
        <ResourceBaseClass Value="Form"/>
      </Unit4>
      <Unit5>
        <Filename Value="..\editor\GotoForms.pas"/>
        <IsPartOfProject Value="True"/>
        <ComponentName Value="GotoLineForm"/>
        <HasResources Value="True"/>
        <ResourceBaseClass Value="Form"/>
      </Unit5>
      <Unit6>
        <Filename Value="..\lib\dbgpServers.pas"/>
        <IsPartOfProject Value="True"/>
      </Unit6>
      <Unit7>
        <Filename Value="..\editor\SearchInFilesForms.pas"/>
        <IsPartOfProject Value="True"/>
        <ComponentName Value="SearchInFilesForm"/>
        <HasResources Value="True"/>
        <ResourceBaseClass Value="Form"/>
      </Unit7>
      <Unit8>
        <Filename Value="..\editor\SearchProgressForms.pas"/>
        <IsPartOfProject Value="True"/>
        <ComponentName Value="SearchProgressForm"/>
        <HasResources Value="True"/>
        <ResourceBaseClass Value="Form"/>
      </Unit8>
      <Unit9>
        <Filename Value="mneBreakpoints.pas"/>
        <IsPartOfProject Value="True"/>
        <ComponentName Value="BreakpointsForm"/>
        <HasResources Value="True"/>
        <ResourceBaseClass Value="Form"/>
      </Unit9>
      <Unit10>
        <Filename Value="mneProjectOptions.pas"/>
        <IsPartOfProject Value="True"/>
        <ComponentName Value="ProjectForm"/>
        <HasResources Value="True"/>
        <ResourceBaseClass Value="Form"/>
      </Unit10>
      <Unit11>
        <Filename Value="..\editor\EditorDebugger.pas"/>
        <IsPartOfProject Value="True"/>
      </Unit11>
      <Unit12>
        <Filename Value="..\addons\mneAssociateForm.pas"/>
        <IsPartOfProject Value="True"/>
        <ComponentName Value="AssociateForm"/>
        <HasResources Value="True"/>
        <ResourceBaseClass Value="Form"/>
      </Unit12>
      <Unit13>
        <Filename Value="..\editor\SelectList.pas"/>
        <IsPartOfProject Value="True"/>
        <ComponentName Value="SelectListForm"/>
        <HasResources Value="True"/>
        <ResourceBaseClass Value="Form"/>
      </Unit13>
      <Unit14>
        <Filename Value="mneResources.pas"/>
        <IsPartOfProject Value="True"/>
        <ComponentName Value="EditorResource"/>
        <HasResources Value="True"/>
        <ResourceBaseClass Value="DataModule"/>
      </Unit14>
      <Unit15>
        <Filename Value="..\editor\EditorEngine.pas"/>
        <IsPartOfProject Value="True"/>
      </Unit15>
      <Unit16>
        <Filename Value="MainUnit.pas"/>
        <IsPartOfProject Value="True"/>
        <ComponentName Value="MainForm"/>
        <HasResources Value="True"/>
        <ResourceBaseClass Value="Form"/>
      </Unit16>
      <Unit17>
        <Filename Value="..\editor\EditorOptions.pas"/>
        <IsPartOfProject Value="True"/>
        <ComponentName Value="EditorOptionsForm"/>
        <HasResources Value="True"/>
        <ResourceBaseClass Value="Form"/>
      </Unit17>
      <Unit18>
        <Filename Value="mneSetups.pas"/>
        <IsPartOfProject Value="True"/>
        <ComponentName Value="EditorSetupForm"/>
        <HasResources Value="True"/>
        <ResourceBaseClass Value="Form"/>
      </Unit18>
      <Unit19>
        <Filename Value="mneSettings.pas"/>
        <IsPartOfProject Value="True"/>
        <ComponentName Value="EditorSettingForm"/>
        <HasResources Value="True"/>
        <ResourceBaseClass Value="Form"/>
      </Unit19>
      <Unit20>
        <Filename Value="..\editor\EditorClasses.pas"/>
        <IsPartOfProject Value="True"/>
      </Unit20>
      <Unit21>
        <Filename Value="..\lib\DebugClasses.pas"/>
        <IsPartOfProject Value="True"/>
      </Unit21>
      <Unit22>
        <Filename Value="..\extends\pascal\mnePASClasses.pas"/>
        <IsPartOfProject Value="True"/>
      </Unit22>
      <Unit23>
        <Filename Value="..\extends\php\mnePHPConfigForms.pas"/>
        <IsPartOfProject Value="True"/>
        <ComponentName Value="PHPConfigForm"/>
        <HasResources Value="True"/>
        <ResourceBaseClass Value="Frame"/>
      </Unit23>
      <Unit24>
        <Filename Value="..\extends\php\mnePHPIniForm.pas"/>
        <IsPartOfProject Value="True"/>
        <ComponentName Value="PHPIniForm"/>
        <HasResources Value="True"/>
        <ResourceBaseClass Value="Form"/>
      </Unit24>
      <Unit25>
        <Filename Value="..\extends\php\mnePHPClasses.pas"/>
        <IsPartOfProject Value="True"/>
      </Unit25>
      <Unit26>
        <Filename Value="..\extends\d\mneDClasses.pas"/>
        <IsPartOfProject Value="True"/>
      </Unit26>
      <Unit27>
        <Filename Value="..\extends\csv\mneCSVClasses.pas"/>
        <IsPartOfProject Value="True"/>
      </Unit27>
      <Unit28>
        <Filename Value="..\extends\csv\mneCSVForms.pas"/>
        <IsPartOfProject Value="True"/>
        <ComponentName Value="CSVForm"/>
        <HasResources Value="True"/>
        <ResourceBaseClass Value="Frame"/>
      </Unit28>
      <Unit29>
        <Filename Value="..\extends\d\mneDConfigForms.pas"/>
        <IsPartOfProject Value="True"/>
        <ComponentName Value="DConfigForm"/>
        <HasResources Value="True"/>
        <ResourceBaseClass Value="Frame"/>
      </Unit29>
      <Unit30>
        <Filename Value="..\extends\d\mneDProjectFrames.pas"/>
        <IsPartOfProject Value="True"/>
        <ComponentName Value="DProjectFrame"/>
        <HasResources Value="True"/>
        <ResourceBaseClass Value="Frame"/>
      </Unit30>
      <Unit31>
        <Filename Value="..\extends\pascal\mnePasProjectFrames.pas"/>
        <IsPartOfProject Value="True"/>
        <ComponentName Value="PasProjectFrame"/>
        <HasResources Value="True"/>
        <ResourceBaseClass Value="Frame"/>
      </Unit31>
      <Unit32>
        <Filename Value="..\extends\pascal\mnePasConfigForms.pas"/>
        <IsPartOfProject Value="True"/>
        <ComponentName Value="PasConfigForm"/>
        <HasResources Value="True"/>
        <ResourceBaseClass Value="Frame"/>
      </Unit32>
      <Unit33>
        <Filename Value="..\extends\php\mnePHPProjectFrames.pas"/>
        <IsPartOfProject Value="True"/>
        <ComponentName Value="PHPProjectFrame"/>
        <HasResources Value="True"/>
        <ResourceBaseClass Value="Frame"/>
      </Unit33>
      <Unit34>
        <Filename Value="..\editor\EditorRun.pas"/>
        <IsPartOfProject Value="True"/>
      </Unit34>
      <Unit35>
        <Filename Value="mneCompileProjectOptions.pas"/>
        <IsPartOfProject Value="True"/>
        <ComponentName Value="CompilerProjectOptionsForm"/>
        <HasResources Value="True"/>
        <ResourceBaseClass Value="Frame"/>
      </Unit35>
      <Unit36>
        <Filename Value="mneManageRecentsForms.pas"/>
        <IsPartOfProject Value="True"/>
        <ComponentName Value="ManageProjectsForm"/>
        <ResourceBaseClass Value="Form"/>
      </Unit36>
      <Unit37>
        <Filename Value="mneTendencyOptions.pas"/>
        <IsPartOfProject Value="True"/>
        <ComponentName Value="TendencyForm"/>
        <HasResources Value="True"/>
        <ResourceBaseClass Value="Form"/>
      </Unit37>
      <Unit38>
        <Filename Value="..\extends\custom\mneCustomClasses.pas"/>
        <IsPartOfProject Value="True"/>
      </Unit38>
      <Unit39>
        <Filename Value="..\extends\custom\mneCustomConfigFrames.pas"/>
        <IsPartOfProject Value="True"/>
        <ComponentName Value="CustomConfigFrame"/>
        <HasResources Value="True"/>
        <ResourceBaseClass Value="Frame"/>
        <UnitName Value="mneCustomConfigForms"/>
      </Unit39>
      <Unit40>
        <Filename Value="..\extends\custom\mneCustomProjectFrames.pas"/>
        <IsPartOfProject Value="True"/>
        <ComponentName Value="CustomProjectFrame"/>
        <HasResources Value="True"/>
        <ResourceBaseClass Value="Frame"/>
      </Unit40>
      <Unit41>
        <Filename Value="..\extends\python\mnePyClasses.pas"/>
        <IsPartOfProject Value="True"/>
      </Unit41>
      <Unit42>
        <Filename Value="..\extends\python\mnePyConfigForms.pas"/>
        <IsPartOfProject Value="True"/>
        <ComponentName Value="PyConfigForm"/>
        <HasResources Value="True"/>
        <ResourceBaseClass Value="Frame"/>
      </Unit42>
      <Unit43>
        <Filename Value="..\extends\mneExtends.pas"/>
        <IsPartOfProject Value="True"/>
      </Unit43>
      <Unit44>
        <Filename Value="..\extends\verilog\mneVerilogClasses.pas"/>
        <IsPartOfProject Value="True"/>
      </Unit44>
      <Unit45>
        <Filename Value="..\extends\verilog\SynHighlighterVerilog.pas"/>
        <IsPartOfProject Value="True"/>
      </Unit45>
      <Unit46>
        <Filename Value="..\..\..\..\lib\minilib\lazarus\lib\mnSynHighlighterCpp.pas"/>
        <IsPartOfProject Value="True"/>
      </Unit46>
      <Unit47>
        <Filename Value="..\extends\cpp\mneCppClasses.pas"/>
        <IsPartOfProject Value="True"/>
      </Unit47>
      <Unit48>
        <Filename Value="..\..\..\..\lib\minilib\lazarus\components\native\ntvImgBtns.pas"/>
        <IsPartOfProject Value="True"/>
      </Unit48>
    </Units>
  </ProjectOptions>
  <CompilerOptions>
    <Version Value="11"/>
    <PathDelim Value="\"/>
    <Target>
      <Filename Value="..\..\bin\mne_win32"/>
    </Target>
    <SearchPaths>
      <IncludeFiles Value="$(ProjOutDir);D:\dev\lazarus\ide\include\"/>
      <OtherUnitFiles Value="..\editor;..\lib;..\addons;..\extends;..\extends\php;..\extends\pascal;..\extends\d;..\extends\csv;..\extends\custom;..\extends\python;..\extends\verilog;..\extends\sard;..\extends\image;..\extends\commons;..\..\..\..\lib\minilib\lazarus\lib;..\extends\cpp;..\..\..\..\lib\minilib\lazarus\components\native"/>
      <UnitOutputDirectory Value="..\..\units"/>
    </SearchPaths>
    <Linking>
      <Debugging>
        <UseHeaptrc Value="True"/>
      </Debugging>
      <Options>
        <Win32>
          <GraphicApplication Value="True"/>
        </Win32>
      </Options>
    </Linking>
    <Other>
      <Verbosity>
        <ShowNotes Value="False"/>
        <ShowHints Value="False"/>
      </Verbosity>
      <CustomOptions Value="-dDEBUG"/>
    </Other>
  </CompilerOptions>
</CONFIG>
