<?xml version="1.0" encoding="UTF-8"?>
<CONFIG>
  <ProjectOptions>
    <Version Value="12"/>
    <PathDelim Value="\"/>
    <General>
      <Flags>
        <SaveFoldState Value="False"/>
        <CompatibilityMode Value="True"/>
      </Flags>
      <SessionStorage Value="InProjectDir"/>
      <Title Value="miniEdit"/>
      <Scaled Value="True"/>
      <ResourceType Value="res"/>
      <UseXPManifest Value="True"/>
      <XPManifest>
        <DpiAware Value="True"/>
        <TextName Value="PARMAJA.miniEdit.ide"/>
        <TextDesc Value="Mini programming editor"/>
      </XPManifest>
      <Icon Value="0"/>
    </General>
    <VersionInfo>
      <UseVersionInfo Value="True"/>
      <MajorVersionNr Value="1"/>
      <MinorVersionNr Value="10"/>
      <RevisionNr Value="1"/>
      <BuildNr Value="207"/>
      <CharSet Value="04B0"/>
      <Attributes pvaPreRelease="True"/>
      <StringTable CompanyName="PARMAJA" FileDescription="mini Edit IDE" InternalName="MiniEdit" ProductName="MiniEdit" ProductVersion="1.7.1.1"/>
    </VersionInfo>
    <BuildModes Count="5">
      <Item1 Name="Debug" Default="True"/>
      <Item2 Name="Linux">
        <MacroValues Count="1">
          <Macro3 Name="LCLWidgetType" Value="gtk2"/>
        </MacroValues>
        <CompilerOptions>
          <Version Value="11"/>
          <PathDelim Value="\"/>
          <Target>
            <Filename Value="..\..\bin\mne"/>
          </Target>
          <SearchPaths>
            <IncludeFiles Value="$(ProjOutDir)"/>
            <OtherUnitFiles Value="..\editor;..\lib;..\db;..\extends;..\extends\php;..\extends\sard;..\extends\lua;..\extends\image;..\extends\commons;..\extends\pascal;..\extends\d;..\extends\csv;..\extends\python;..\extends\verilog;..\extends\gcc;..\extends\fntgen;..\extends\designer;..\extends\go;..\extends\cmd;..\extends\basic;..\extends\lsl;..\extends\tyro;..\extends\nim"/>
            <UnitOutputDirectory Value="..\..\units\linux"/>
          </SearchPaths>
          <Parsing>
            <SyntaxOptions>
              <CStyleMacros Value="True"/>
            </SyntaxOptions>
          </Parsing>
          <Linking>
            <Debugging>
              <UseExternalDbgSyms Value="True"/>
            </Debugging>
          </Linking>
          <Other>
            <Verbosity>
              <ShowNotes Value="False"/>
              <ShowHints Value="False"/>
            </Verbosity>
            <CompilerMessages>
              <IgnoredMessages idx5024="True"/>
            </CompilerMessages>
          </Other>
        </CompilerOptions>
      </Item2>
      <Item3 Name="Win32">
        <MacroValues Count="1">
          <Macro2 Name="LCLWidgetType" Value="win32"/>
        </MacroValues>
        <CompilerOptions>
          <Version Value="11"/>
          <PathDelim Value="\"/>
          <Target>
            <Filename Value="..\..\bin\mne32"/>
          </Target>
          <SearchPaths>
            <IncludeFiles Value="$(ProjOutDir)"/>
            <OtherUnitFiles Value="..\editor;..\lib;..\db;..\extends;..\extends\php;..\extends\sard;..\extends\lua;..\extends\image;..\extends\commons;..\extends\pascal;..\extends\d;..\extends\csv;..\extends\python;..\extends\verilog;..\extends\gcc;..\extends\fntgen;..\extends\designer;..\extends\go;..\extends\cmd;..\extends\basic;..\extends\lsl;..\extends\tyro;..\extends\nim"/>
            <UnitOutputDirectory Value="..\..\units\windows"/>
          </SearchPaths>
          <Parsing>
            <SyntaxOptions>
              <CStyleMacros Value="True"/>
            </SyntaxOptions>
          </Parsing>
          <CodeGeneration>
            <SmallerCode Value="True"/>
          </CodeGeneration>
          <Linking>
            <Debugging>
              <GenerateDebugInfo Value="False"/>
              <UseLineInfoUnit Value="False"/>
              <StripSymbols Value="True"/>
              <UseExternalDbgSyms Value="True"/>
            </Debugging>
            <Options>
              <Win32>
                <GraphicApplication Value="True"/>
              </Win32>
            </Options>
          </Linking>
          <Other>
            <Verbosity>
              <ShowNotes Value="False"/>
              <ShowHints Value="False"/>
            </Verbosity>
            <WriteFPCLogo Value="False"/>
            <CompilerMessages>
              <IgnoredMessages idx5024="True"/>
            </CompilerMessages>
          </Other>
        </CompilerOptions>
      </Item3>
      <Item4 Name="Win64">
        <CompilerOptions>
          <Version Value="11"/>
          <PathDelim Value="\"/>
          <Target>
            <Filename Value="..\..\bin\mne64"/>
          </Target>
          <SearchPaths>
            <IncludeFiles Value="$(ProjOutDir)"/>
            <OtherUnitFiles Value="..\editor;..\lib;..\db;..\extends;..\extends\php;..\extends\sard;..\extends\lua;..\extends\image;..\extends\commons;..\extends\pascal;..\extends\d;..\extends\csv;..\extends\python;..\extends\verilog;..\extends\gcc;..\extends\fntgen;..\extends\designer;..\extends\go;..\extends\cmd;..\extends\basic;..\extends\lsl;..\extends\tyro;..\extends\nim"/>
            <UnitOutputDirectory Value="..\..\units\windows"/>
          </SearchPaths>
          <Parsing>
            <SyntaxOptions>
              <CStyleMacros Value="True"/>
            </SyntaxOptions>
          </Parsing>
          <CodeGeneration>
            <SmallerCode Value="True"/>
          </CodeGeneration>
          <Linking>
            <Debugging>
              <GenerateDebugInfo Value="False"/>
              <StripSymbols Value="True"/>
            </Debugging>
            <Options>
              <Win32>
                <GraphicApplication Value="True"/>
              </Win32>
            </Options>
          </Linking>
          <Other>
            <Verbosity>
              <ShowNotes Value="False"/>
              <ShowHints Value="False"/>
            </Verbosity>
            <WriteFPCLogo Value="False"/>
            <CompilerMessages>
              <IgnoredMessages idx5024="True"/>
            </CompilerMessages>
          </Other>
        </CompilerOptions>
      </Item4>
      <Item5 Name="Qt">
        <MacroValues Count="1">
          <Macro4 Name="LCLWidgetType" Value="qt5"/>
        </MacroValues>
        <CompilerOptions>
          <Version Value="11"/>
          <PathDelim Value="\"/>
          <Target>
            <Filename Value="..\..\bin\mne32"/>
          </Target>
          <SearchPaths>
            <IncludeFiles Value="$(ProjOutDir)"/>
            <OtherUnitFiles Value="..\editor;..\lib;..\db;..\extends;..\extends\php;..\extends\sard;..\extends\lua;..\extends\image;..\extends\commons;..\extends\pascal;..\extends\basic;..\extends\d;..\extends\csv;..\extends\python;..\extends\verilog;..\extends\gcc;..\extends\fntgen;..\extends\designer;..\extends\go;..\extends\cmd;..\extends\lsl;..\extends\tyro"/>
            <UnitOutputDirectory Value="..\..\units\debug"/>
          </SearchPaths>
          <Parsing>
            <SyntaxOptions>
              <CStyleMacros Value="True"/>
            </SyntaxOptions>
          </Parsing>
          <CodeGeneration>
            <SmallerCode Value="True"/>
          </CodeGeneration>
          <Linking>
            <Debugging>
              <UseExternalDbgSyms Value="True"/>
            </Debugging>
            <Options>
              <Win32>
                <GraphicApplication Value="True"/>
              </Win32>
            </Options>
          </Linking>
          <Other>
            <Verbosity>
              <ShoLineNum Value="True"/>
              <ShowUsedFiles Value="True"/>
              <ShowTriedFiles Value="True"/>
              <ShowHintsForUnusedUnitsInMainSrc Value="True"/>
            </Verbosity>
            <WriteFPCLogo Value="False"/>
            <CompilerMessages>
              <IgnoredMessages idx5024="True" idx5023="True"/>
            </CompilerMessages>
            <CustomOptions Value="-dDEBUG"/>
          </Other>
        </CompilerOptions>
      </Item5>
      <SharedMatrixOptions Count="4">
        <Item1 ID="971028019367" Modes="Debug" Value="-dDEBUG"/>
        <Item2 ID="142010062422" Modes="Win32" Type="IDEMacro" MacroName="LCLWidgetType" Value="win32"/>
        <Item3 ID="404340325604" Modes="Linux" Type="IDEMacro" MacroName="LCLWidgetType" Value="gtk2"/>
        <Item4 ID="250113919883" Modes="Qt" Type="IDEMacro" MacroName="LCLWidgetType" Value="qt5"/>
      </SharedMatrixOptions>
    </BuildModes>
    <PublishOptions>
      <Version Value="2"/>
    </PublishOptions>
    <RunParams>
      <FormatVersion Value="2"/>
    </RunParams>
    <RequiredPackages Count="9">
      <Item1>
        <PackageName Value="MiniLib"/>
      </Item1>
      <Item2>
        <PackageName Value="MiniCtrls"/>
      </Item2>
      <Item3>
        <PackageName Value="MiniConnections"/>
      </Item3>
      <Item4>
        <PackageName Value="MiniSockets"/>
      </Item4>
      <Item5>
        <PackageName Value="MiniXML"/>
        <MinVersion Valid="True"/>
      </Item5>
      <Item6>
        <PackageName Value="SynEdit"/>
        <MinVersion Major="1" Valid="True"/>
      </Item6>
      <Item7>
        <PackageName Value="LCL"/>
      </Item7>
      <Item8>
        <PackageName Value="LCLBase"/>
        <MinVersion Major="1" Release="1" Valid="True"/>
      </Item8>
      <Item9>
        <PackageName Value="FCL"/>
        <MinVersion Major="1" Release="1" Valid="True"/>
      </Item9>
    </RequiredPackages>
    <Units Count="67">
      <Unit0>
        <Filename Value="mne.lpr"/>
        <IsPartOfProject Value="True"/>
      </Unit0>
      <Unit1>
        <Filename Value="..\editor\SearchForms.pas"/>
        <IsPartOfProject Value="True"/>
        <ComponentName Value="SearchForm"/>
        <HasResources Value="True"/>
        <ResourceBaseClass Value="Form"/>
      </Unit1>
      <Unit2>
        <Filename Value="..\editor\EditorProfiles.pas"/>
        <IsPartOfProject Value="True"/>
      </Unit2>
      <Unit3>
        <Filename Value="..\editor\SelectFiles.pas"/>
        <IsPartOfProject Value="True"/>
        <ComponentName Value="SelectFileForm"/>
        <HasResources Value="True"/>
        <ResourceBaseClass Value="Form"/>
      </Unit3>
      <Unit4>
        <Filename Value="AboutForms.pas"/>
        <IsPartOfProject Value="True"/>
        <ComponentName Value="AboutForm"/>
        <HasResources Value="True"/>
        <ResourceBaseClass Value="Form"/>
      </Unit4>
      <Unit5>
        <Filename Value="..\editor\GotoForms.pas"/>
        <IsPartOfProject Value="True"/>
        <ComponentName Value="GotoLineForm"/>
        <HasResources Value="True"/>
        <ResourceBaseClass Value="Form"/>
      </Unit5>
      <Unit6>
        <Filename Value="..\lib\dbgpServers.pas"/>
        <IsPartOfProject Value="True"/>
      </Unit6>
      <Unit7>
        <Filename Value="..\editor\SearchInFilesForms.pas"/>
        <IsPartOfProject Value="True"/>
        <ComponentName Value="SearchInFilesForm"/>
        <HasResources Value="True"/>
        <ResourceBaseClass Value="Form"/>
      </Unit7>
      <Unit8>
        <Filename Value="..\editor\SearchProgressForms.pas"/>
        <IsPartOfProject Value="True"/>
        <ComponentName Value="SearchProgressForm"/>
        <HasResources Value="True"/>
        <ResourceBaseClass Value="Form"/>
      </Unit8>
      <Unit9>
        <Filename Value="mneBreakpoints.pas"/>
        <IsPartOfProject Value="True"/>
        <ComponentName Value="BreakpointsForm"/>
        <HasResources Value="True"/>
        <ResourceBaseClass Value="Form"/>
      </Unit9>
      <Unit10>
        <Filename Value="mneProjectOptions.pas"/>
        <IsPartOfProject Value="True"/>
        <ComponentName Value="ProjectForm"/>
        <HasResources Value="True"/>
        <ResourceBaseClass Value="Form"/>
      </Unit10>
      <Unit11>
        <Filename Value="..\editor\SelectList.pas"/>
        <IsPartOfProject Value="True"/>
        <ComponentName Value="SelectListForm"/>
        <HasResources Value="True"/>
        <ResourceBaseClass Value="Form"/>
      </Unit11>
      <Unit12>
        <Filename Value="mneResources.pas"/>
        <IsPartOfProject Value="True"/>
        <ComponentName Value="EditorResource"/>
        <HasResources Value="True"/>
        <ResourceBaseClass Value="DataModule"/>
      </Unit12>
      <Unit13>
        <Filename Value="..\editor\EditorEngine.pas"/>
        <IsPartOfProject Value="True"/>
      </Unit13>
      <Unit14>
        <Filename Value="MainUnit.pas"/>
        <IsPartOfProject Value="True"/>
        <ComponentName Value="MainForm"/>
        <HasResources Value="True"/>
        <ResourceBaseClass Value="Form"/>
      </Unit14>
      <Unit15>
        <Filename Value="..\editor\EditorOptions.pas"/>
        <IsPartOfProject Value="True"/>
        <ComponentName Value="EditorOptionsForm"/>
        <HasResources Value="True"/>
        <ResourceBaseClass Value="Form"/>
      </Unit15>
      <Unit16>
        <Filename Value="mneSetups.pas"/>
        <IsPartOfProject Value="True"/>
        <ComponentName Value="EditorSetupForm"/>
        <HasResources Value="True"/>
        <ResourceBaseClass Value="Form"/>
      </Unit16>
      <Unit17>
        <Filename Value="mneSettings.pas"/>
        <IsPartOfProject Value="True"/>
        <ComponentName Value="EditorSettingForm"/>
        <HasResources Value="True"/>
        <ResourceBaseClass Value="Form"/>
      </Unit17>
      <Unit18>
        <Filename Value="..\editor\EditorClasses.pas"/>
        <IsPartOfProject Value="True"/>
      </Unit18>
      <Unit19>
        <Filename Value="..\extends\pascal\mnePASClasses.pas"/>
        <IsPartOfProject Value="True"/>
      </Unit19>
      <Unit20>
        <Filename Value="..\extends\php\mnePHPIniForm.pas"/>
        <IsPartOfProject Value="True"/>
        <ComponentName Value="PHPIniForm"/>
        <HasResources Value="True"/>
        <ResourceBaseClass Value="Form"/>
      </Unit20>
      <Unit21>
        <Filename Value="..\extends\php\mnePHPClasses.pas"/>
        <IsPartOfProject Value="True"/>
      </Unit21>
      <Unit22>
        <Filename Value="..\extends\d\mneDClasses.pas"/>
        <IsPartOfProject Value="True"/>
      </Unit22>
      <Unit23>
        <Filename Value="..\extends\csv\mneCSVClasses.pas"/>
        <IsPartOfProject Value="True"/>
      </Unit23>
      <Unit24>
        <Filename Value="..\extends\csv\mneCSVForms.pas"/>
        <IsPartOfProject Value="True"/>
        <ComponentName Value="CSVForm"/>
        <HasResources Value="True"/>
        <ResourceBaseClass Value="Frame"/>
      </Unit24>
      <Unit25>
        <Filename Value="..\extends\d\mneDProjectFrames.pas"/>
        <IsPartOfProject Value="True"/>
        <ComponentName Value="DProjectFrame"/>
        <HasResources Value="True"/>
        <ResourceBaseClass Value="Frame"/>
      </Unit25>
      <Unit26>
        <Filename Value="..\extends\pascal\mnePasProjectFrames.pas"/>
        <IsPartOfProject Value="True"/>
        <ComponentName Value="PasProjectFrame"/>
        <HasResources Value="True"/>
        <ResourceBaseClass Value="Frame"/>
      </Unit26>
      <Unit27>
        <Filename Value="..\editor\EditorRun.pas"/>
        <IsPartOfProject Value="True"/>
      </Unit27>
      <Unit28>
        <Filename Value="mneRecentsForms.pas"/>
        <IsPartOfProject Value="True"/>
        <ComponentName Value="ManageRecentsForm"/>
        <HasResources Value="True"/>
        <ResourceBaseClass Value="Form"/>
      </Unit28>
      <Unit29>
        <Filename Value="mneTendencyOptions.pas"/>
        <IsPartOfProject Value="True"/>
        <ComponentName Value="TendencyForm"/>
        <HasResources Value="True"/>
        <ResourceBaseClass Value="Form"/>
      </Unit29>
      <Unit30>
        <Filename Value="..\extends\python\mnePyClasses.pas"/>
        <IsPartOfProject Value="True"/>
      </Unit30>
      <Unit31>
        <Filename Value="..\extends\mneExtends.pas"/>
        <IsPartOfProject Value="True"/>
      </Unit31>
      <Unit32>
        <Filename Value="..\extends\verilog\mneVerilogClasses.pas"/>
        <IsPartOfProject Value="True"/>
      </Unit32>
      <Unit33>
        <Filename Value="..\extends\verilog\SynHighlighterVerilog.pas"/>
        <IsPartOfProject Value="True"/>
      </Unit33>
      <Unit34>
        <Filename Value="..\lib\gdbClasses.pas"/>
        <IsPartOfProject Value="True"/>
      </Unit34>
      <Unit35>
        <Filename Value="..\extends\lua\mneLuaClasses.pas"/>
        <IsPartOfProject Value="True"/>
      </Unit35>
      <Unit36>
        <Filename Value="..\extends\lua\LuaDBGServers.pas"/>
        <IsPartOfProject Value="True"/>
      </Unit36>
      <Unit37>
        <Filename Value="..\extends\commons\mneRunFrames.pas"/>
        <IsPartOfProject Value="True"/>
        <ComponentName Value="RunFrameOptions"/>
        <HasResources Value="True"/>
        <ResourceBaseClass Value="Frame"/>
      </Unit37>
      <Unit38>
        <Filename Value="..\extends\commons\mneCompilerProjectFrames.pas"/>
        <IsPartOfProject Value="True"/>
        <ComponentName Value="CompilerProjectFrame"/>
        <HasResources Value="True"/>
        <ResourceBaseClass Value="Frame"/>
      </Unit38>
      <Unit39>
        <Filename Value="..\extends\fntgen\mneFontGenForm.pas"/>
        <IsPartOfProject Value="True"/>
        <ComponentName Value="FontGenForm"/>
        <HasResources Value="True"/>
        <ResourceBaseClass Value="Form"/>
      </Unit39>
      <Unit40>
        <Filename Value="mneConsts.pas"/>
        <IsPartOfProject Value="True"/>
      </Unit40>
      <Unit41>
        <Filename Value="..\extends\designer\mneBoardClasses.pas"/>
        <IsPartOfProject Value="True"/>
      </Unit41>
      <Unit42>
        <Filename Value="..\extends\designer\mneBoardForms.pas"/>
        <IsPartOfProject Value="True"/>
        <ComponentName Value="BoardForm"/>
        <HasResources Value="True"/>
        <ResourceBaseClass Value="Frame"/>
      </Unit42>
      <Unit43>
        <Filename Value="..\extends\designer\mneSelectComponents.pas"/>
        <IsPartOfProject Value="True"/>
        <ComponentName Value="SelectComponentForm"/>
        <HasResources Value="True"/>
        <ResourceBaseClass Value="Form"/>
      </Unit43>
      <Unit44>
        <Filename Value="..\extends\designer\mneBoardComponents.pas"/>
        <IsPartOfProject Value="True"/>
      </Unit44>
      <Unit45>
        <Filename Value="..\editor\EditorColors.pas"/>
        <IsPartOfProject Value="True"/>
        <ComponentName Value="EditorColorsForm"/>
        <HasResources Value="True"/>
        <ResourceBaseClass Value="Form"/>
      </Unit45>
      <Unit46>
        <Filename Value="..\extends\sard\mneSARDClasses.pas"/>
        <IsPartOfProject Value="True"/>
        <UnitName Value="mneSardClasses"/>
      </Unit46>
      <Unit47>
        <Filename Value="..\extends\commons\mneClasses.pas"/>
        <IsPartOfProject Value="True"/>
      </Unit47>
      <Unit48>
        <Filename Value="..\extends\go\mneGoClasses.pas"/>
        <IsPartOfProject Value="True"/>
      </Unit48>
      <Unit49>
        <Filename Value="..\extends\cmd\mneCMDClasses.pas"/>
        <IsPartOfProject Value="True"/>
      </Unit49>
      <Unit50>
        <Filename Value="..\db\mndSQLForms.pas"/>
        <IsPartOfProject Value="True"/>
        <ComponentName Value="SQLEditForm"/>
        <HasResources Value="True"/>
        <ResourceBaseClass Value="Frame"/>
      </Unit50>
      <Unit51>
        <Filename Value="..\db\mndManagerForms.pas"/>
        <IsPartOfProject Value="True"/>
        <ComponentName Value="DBManagerForm"/>
        <HasResources Value="True"/>
        <ResourceBaseClass Value="Frame"/>
      </Unit51>
      <Unit52>
        <Filename Value="..\db\mndOpenDatabases.pas"/>
        <IsPartOfProject Value="True"/>
        <ComponentName Value="OpenDatabaseForm"/>
        <HasResources Value="True"/>
        <ResourceBaseClass Value="Form"/>
      </Unit52>
      <Unit53>
        <Filename Value="..\db\mndStdAddons.pas"/>
        <IsPartOfProject Value="True"/>
      </Unit53>
      <Unit54>
        <Filename Value="..\db\mndConnectServers.pas"/>
        <IsPartOfProject Value="True"/>
        <ComponentName Value="ConnectDBServerForm"/>
        <HasResources Value="True"/>
        <ResourceBaseClass Value="Form"/>
      </Unit54>
      <Unit55>
        <Filename Value="mneAssociateForm.pas"/>
        <IsPartOfProject Value="True"/>
        <ComponentName Value="AssociateForm"/>
        <ResourceBaseClass Value="Form"/>
      </Unit55>
      <Unit56>
        <Filename Value="..\db\mndEngines.pas"/>
        <IsPartOfProject Value="True"/>
      </Unit56>
      <Unit57>
        <Filename Value="..\extends\gcc\mneGccClasses.pas"/>
        <IsPartOfProject Value="True"/>
      </Unit57>
      <Unit58>
        <Filename Value="..\extends\lsl\mneLSLClasses.pas"/>
        <IsPartOfProject Value="True"/>
      </Unit58>
      <Unit59>
        <Filename Value="..\extends\image\mneViewClasses.pas"/>
        <IsPartOfProject Value="True"/>
      </Unit59>
      <Unit60>
        <Filename Value="..\db\mndDBClasses.pas"/>
        <IsPartOfProject Value="True"/>
      </Unit60>
      <Unit61>
        <Filename Value="..\extends\tyro\mneTyroClasses.pas"/>
        <IsPartOfProject Value="True"/>
      </Unit61>
      <Unit62>
        <Filename Value="..\extends\php\mnePHPTendencyFrames.pas"/>
        <IsPartOfProject Value="True"/>
        <ComponentName Value="PHPTendencyFrame"/>
        <HasResources Value="True"/>
        <ResourceBaseClass Value="Frame"/>
      </Unit62>
      <Unit63>
        <Filename Value="..\..\..\..\programs\fpc\3.3\src\packages\fcl-process\src\simpleipc.pp"/>
        <IsPartOfProject Value="True"/>
      </Unit63>
      <Unit64>
        <Filename Value="..\..\..\minictrls\src\syn\mnSQLProcessor.pas"/>
        <IsPartOfProject Value="True"/>
      </Unit64>
      <Unit65>
        <Filename Value="..\extends\nim\mneNimClasses.pas"/>
        <IsPartOfProject Value="True"/>
      </Unit65>
      <Unit66>
        <Filename Value="..\extends\nim\mneNimTendencyFrames.pas"/>
        <IsPartOfProject Value="True"/>
        <ComponentName Value="NimTendencyFrame"/>
        <HasResources Value="True"/>
        <ResourceBaseClass Value="Frame"/>
      </Unit66>
    </Units>
  </ProjectOptions>
  <CompilerOptions>
    <Version Value="11"/>
    <PathDelim Value="\"/>
    <Target>
      <Filename Value="..\..\bin\mne32"/>
    </Target>
    <SearchPaths>
      <IncludeFiles Value="$(ProjOutDir)"/>
      <OtherUnitFiles Value="..\editor;..\lib;..\db;..\extends;..\extends\php;..\extends\sard;..\extends\lua;..\extends\image;..\extends\commons;..\extends\pascal;..\extends\basic;..\extends\d;..\extends\csv;..\extends\python;..\extends\verilog;..\extends\gcc;..\extends\fntgen;..\extends\designer;..\extends\go;..\extends\cmd;..\extends\lsl;..\extends\tyro;..\extends\nim;..\..\..\minictrls\src\syn"/>
      <UnitOutputDirectory Value="..\..\units\debug"/>
    </SearchPaths>
    <Parsing>
      <SyntaxOptions>
        <CStyleMacros Value="True"/>
      </SyntaxOptions>
    </Parsing>
    <Linking>
      <Debugging>
        <DebugInfoType Value="dsDwarf3"/>
        <UseValgrind Value="True"/>
        <UseExternalDbgSyms Value="True"/>
      </Debugging>
      <Options>
        <Win32>
          <GraphicApplication Value="True"/>
        </Win32>
      </Options>
    </Linking>
    <Other>
      <Verbosity>
        <ShoLineNum Value="True"/>
        <ShowUsedFiles Value="True"/>
        <ShowTriedFiles Value="True"/>
        <ShowHintsForUnusedUnitsInMainSrc Value="True"/>
      </Verbosity>
      <WriteFPCLogo Value="False"/>
      <CompilerMessages>
        <IgnoredMessages idx5024="True" idx5023="True"/>
      </CompilerMessages>
      <CustomOptions Value="-dDEBUG"/>
    </Other>
  </CompilerOptions>
  <Debugging>
    <Exceptions Count="1"/>
  </Debugging>
</CONFIG>
